
Microsoft Visual Studio Solution File, Format Version 12.00
# Visual Studio Version 17
VisualStudioVersion = 17.2.32616.157
MinimumVisualStudioVersion = 10.0.40219.1
Project("{FAE04EC0-301F-11D3-BF4B-00C04F79EFBC}") = "1 - Azure App Configuration", "1 - Azure App Configuration\1 - Azure App Configuration.csproj", "{632F90B8-0284-46BE-8C5E-3DFA8F3A1899}"
EndProject
Global
	GlobalSection(SolutionConfigurationPlatforms) = preSolution
		Debug|Any CPU = Debug|Any CPU
		Release|Any CPU = Release|Any CPU
	EndGlobalSection
	GlobalSection(ProjectConfigurationPlatforms) = postSolution
		{632F90B8-0284-46BE-8C5E-3DFA8F3A1899}.Debug|Any CPU.ActiveCfg = Debug|Any CPU
		{632F90B8-0284-46BE-8C5E-3DFA8F3A1899}.Debug|Any CPU.Build.0 = Debug|Any CPU
		{632F90B8-0284-46BE-8C5E-3DFA8F3A1899}.Release|Any CPU.ActiveCfg = Release|Any CPU
		{632F90B8-0284-46BE-8C5E-3DFA8F3A1899}.Release|Any CPU.Build.0 = Release|Any CPU
	EndGlobalSection
	GlobalSection(SolutionProperties) = preSolution
		HideSolutionNode = FALSE
	EndGlobalSection
	GlobalSection(ExtensibilityGlobals) = postSolution
		SolutionGuid = {8062A8B5-632E-4593-ADA6-673460188F1D}
	EndGlobalSection
EndGlobal
